// !$*UTF8*$!
{
	archiveVersion = 1;
	classes = {
	};
	objectVersion = 46;
	objects = {

/* Begin PBXBuildFile section */
		400225CC1695D5290059BDE9 /* PhotosRecentTableViewController.m in Sources */ = {isa = PBXBuildFile; fileRef = 400225CB1695D5290059BDE9 /* PhotosRecentTableViewController.m */; };
		400951E21699275C00910EDE /* FlickrPhotoAnnotation.m in Sources */ = {isa = PBXBuildFile; fileRef = 400951DF1699275C00910EDE /* FlickrPhotoAnnotation.m */; };
		400951E31699275C00910EDE /* MapViewController.m in Sources */ = {isa = PBXBuildFile; fileRef = 400951E11699275C00910EDE /* MapViewController.m */; };
		403847BC169515AC00B70E2F /* PhotoTableViewController.m in Sources */ = {isa = PBXBuildFile; fileRef = 403847BB169515AC00B70E2F /* PhotoTableViewController.m */; };
		403847DE1695634200B70E2F /* PhotosFromPlaceTableViewController.m in Sources */ = {isa = PBXBuildFile; fileRef = 403847DD1695634100B70E2F /* PhotosFromPlaceTableViewController.m */; };
		403847E516956A0C00B70E2F /* PhotoViewController.m in Sources */ = {isa = PBXBuildFile; fileRef = 403847E416956A0C00B70E2F /* PhotoViewController.m */; };
		40611DBA169957BF00C6E49C /* CoreLocation.framework in Frameworks */ = {isa = PBXBuildFile; fileRef = 40611DB9169957BF00C6E49C /* CoreLocation.framework */; };
		4063746D169BA52D008F3B62 /* FlickrPlaceAnnotation.m in Sources */ = {isa = PBXBuildFile; fileRef = 4063746C169BA52D008F3B62 /* FlickrPlaceAnnotation.m */; };
		40C10A711694EAE700BF89DB /* UIKit.framework in Frameworks */ = {isa = PBXBuildFile; fileRef = 40C10A701694EAE700BF89DB /* UIKit.framework */; };
		40C10A731694EAE700BF89DB /* Foundation.framework in Frameworks */ = {isa = PBXBuildFile; fileRef = 40C10A721694EAE700BF89DB /* Foundation.framework */; };
		40C10A751694EAE700BF89DB /* CoreGraphics.framework in Frameworks */ = {isa = PBXBuildFile; fileRef = 40C10A741694EAE700BF89DB /* CoreGraphics.framework */; };
		40C10A7B1694EAE700BF89DB /* InfoPlist.strings in Resources */ = {isa = PBXBuildFile; fileRef = 40C10A791694EAE700BF89DB /* InfoPlist.strings */; };
		40C10A7D1694EAE700BF89DB /* main.m in Sources */ = {isa = PBXBuildFile; fileRef = 40C10A7C1694EAE700BF89DB /* main.m */; };
		40C10A811694EAE700BF89DB /* FlickrFunAppDelegate.m in Sources */ = {isa = PBXBuildFile; fileRef = 40C10A801694EAE700BF89DB /* FlickrFunAppDelegate.m */; };
		40C10A831694EAE700BF89DB /* Default.png in Resources */ = {isa = PBXBuildFile; fileRef = 40C10A821694EAE700BF89DB /* Default.png */; };
		40C10A851694EAE700BF89DB /* Default@2x.png in Resources */ = {isa = PBXBuildFile; fileRef = 40C10A841694EAE700BF89DB /* Default@2x.png */; };
		40C10A871694EAE700BF89DB /* Default-568h@2x.png in Resources */ = {isa = PBXBuildFile; fileRef = 40C10A861694EAE700BF89DB /* Default-568h@2x.png */; };
		40C10A8A1694EAE700BF89DB /* MainStoryboard_iPhone.storyboard in Resources */ = {isa = PBXBuildFile; fileRef = 40C10A881694EAE700BF89DB /* MainStoryboard_iPhone.storyboard */; };
		40C10A8D1694EAE700BF89DB /* MainStoryboard_iPad.storyboard in Resources */ = {isa = PBXBuildFile; fileRef = 40C10A8B1694EAE700BF89DB /* MainStoryboard_iPad.storyboard */; };
		40C10A9A1694EB7D00BF89DB /* FlickrFetcher.m in Sources */ = {isa = PBXBuildFile; fileRef = 40C10A991694EB7D00BF89DB /* FlickrFetcher.m */; };
		40C10A9D1694F1AB00BF89DB /* PlacesViewController.m in Sources */ = {isa = PBXBuildFile; fileRef = 40C10A9C1694F1AB00BF89DB /* PlacesViewController.m */; };
		40F058FD16980BA1009C520B /* FlickrPhotoCache.m in Sources */ = {isa = PBXBuildFile; fileRef = 40F058FC16980BA1009C520B /* FlickrPhotoCache.m */; };
		40F059071698AB4D009C520B /* MapKit.framework in Frameworks */ = {isa = PBXBuildFile; fileRef = 40F059061698AB4D009C520B /* MapKit.framework */; };
/* End PBXBuildFile section */

/* Begin PBXFileReference section */
		400225CA1695D5290059BDE9 /* PhotosRecentTableViewController.h */ = {isa = PBXFileReference; fileEncoding = 4; lastKnownFileType = sourcecode.c.h; path = PhotosRecentTableViewController.h; sourceTree = "<group>"; };
		400225CB1695D5290059BDE9 /* PhotosRecentTableViewController.m */ = {isa = PBXFileReference; fileEncoding = 4; lastKnownFileType = sourcecode.c.objc; path = PhotosRecentTableViewController.m; sourceTree = "<group>"; };
		400951DE1699275C00910EDE /* FlickrPhotoAnnotation.h */ = {isa = PBXFileReference; fileEncoding = 4; lastKnownFileType = sourcecode.c.h; path = FlickrPhotoAnnotation.h; sourceTree = "<group>"; };
		400951DF1699275C00910EDE /* FlickrPhotoAnnotation.m */ = {isa = PBXFileReference; fileEncoding = 4; lastKnownFileType = sourcecode.c.objc; path = FlickrPhotoAnnotation.m; sourceTree = "<group>"; };
		400951E01699275C00910EDE /* MapViewController.h */ = {isa = PBXFileReference; fileEncoding = 4; lastKnownFileType = sourcecode.c.h; path = MapViewController.h; sourceTree = "<group>"; };
		400951E11699275C00910EDE /* MapViewController.m */ = {isa = PBXFileReference; fileEncoding = 4; lastKnownFileType = sourcecode.c.objc; path = MapViewController.m; sourceTree = "<group>"; };
		403847BA169515AC00B70E2F /* PhotoTableViewController.h */ = {isa = PBXFileReference; fileEncoding = 4; lastKnownFileType = sourcecode.c.h; path = PhotoTableViewController.h; sourceTree = "<group>"; };
		403847BB169515AC00B70E2F /* PhotoTableViewController.m */ = {isa = PBXFileReference; fileEncoding = 4; lastKnownFileType = sourcecode.c.objc; path = PhotoTableViewController.m; sourceTree = "<group>"; };
		403847DC1695634100B70E2F /* PhotosFromPlaceTableViewController.h */ = {isa = PBXFileReference; fileEncoding = 4; lastKnownFileType = sourcecode.c.h; path = PhotosFromPlaceTableViewController.h; sourceTree = "<group>"; };
		403847DD1695634100B70E2F /* PhotosFromPlaceTableViewController.m */ = {isa = PBXFileReference; fileEncoding = 4; lastKnownFileType = sourcecode.c.objc; path = PhotosFromPlaceTableViewController.m; sourceTree = "<group>"; };
		403847E316956A0C00B70E2F /* PhotoViewController.h */ = {isa = PBXFileReference; fileEncoding = 4; lastKnownFileType = sourcecode.c.h; path = PhotoViewController.h; sourceTree = "<group>"; };
		403847E416956A0C00B70E2F /* PhotoViewController.m */ = {isa = PBXFileReference; fileEncoding = 4; lastKnownFileType = sourcecode.c.objc; path = PhotoViewController.m; sourceTree = "<group>"; };
		40611DB9169957BF00C6E49C /* CoreLocation.framework */ = {isa = PBXFileReference; lastKnownFileType = wrapper.framework; name = CoreLocation.framework; path = System/Library/Frameworks/CoreLocation.framework; sourceTree = SDKROOT; };
		4063746B169BA52D008F3B62 /* FlickrPlaceAnnotation.h */ = {isa = PBXFileReference; fileEncoding = 4; lastKnownFileType = sourcecode.c.h; path = FlickrPlaceAnnotation.h; sourceTree = "<group>"; };
		4063746C169BA52D008F3B62 /* FlickrPlaceAnnotation.m */ = {isa = PBXFileReference; fileEncoding = 4; lastKnownFileType = sourcecode.c.objc; path = FlickrPlaceAnnotation.m; sourceTree = "<group>"; };
		40C10A6C1694EAE700BF89DB /* FlickrFun.app */ = {isa = PBXFileReference; explicitFileType = wrapper.application; includeInIndex = 0; path = FlickrFun.app; sourceTree = BUILT_PRODUCTS_DIR; };
		40C10A701694EAE700BF89DB /* UIKit.framework */ = {isa = PBXFileReference; lastKnownFileType = wrapper.framework; name = UIKit.framework; path = System/Library/Frameworks/UIKit.framework; sourceTree = SDKROOT; };
		40C10A721694EAE700BF89DB /* Foundation.framework */ = {isa = PBXFileReference; lastKnownFileType = wrapper.framework; name = Foundation.framework; path = System/Library/Frameworks/Foundation.framework; sourceTree = SDKROOT; };
		40C10A741694EAE700BF89DB /* CoreGraphics.framework */ = {isa = PBXFileReference; lastKnownFileType = wrapper.framework; name = CoreGraphics.framework; path = System/Library/Frameworks/CoreGraphics.framework; sourceTree = SDKROOT; };
		40C10A781694EAE700BF89DB /* FlickrFun-Info.plist */ = {isa = PBXFileReference; lastKnownFileType = text.plist.xml; path = "FlickrFun-Info.plist"; sourceTree = "<group>"; };
		40C10A7A1694EAE700BF89DB /* en */ = {isa = PBXFileReference; lastKnownFileType = text.plist.strings; name = en; path = en.lproj/InfoPlist.strings; sourceTree = "<group>"; };
		40C10A7C1694EAE700BF89DB /* main.m */ = {isa = PBXFileReference; lastKnownFileType = sourcecode.c.objc; path = main.m; sourceTree = "<group>"; };
		40C10A7E1694EAE700BF89DB /* FlickrFun-Prefix.pch */ = {isa = PBXFileReference; lastKnownFileType = sourcecode.c.h; path = "FlickrFun-Prefix.pch"; sourceTree = "<group>"; };
		40C10A7F1694EAE700BF89DB /* FlickrFunAppDelegate.h */ = {isa = PBXFileReference; lastKnownFileType = sourcecode.c.h; path = FlickrFunAppDelegate.h; sourceTree = "<group>"; };
		40C10A801694EAE700BF89DB /* FlickrFunAppDelegate.m */ = {isa = PBXFileReference; lastKnownFileType = sourcecode.c.objc; path = FlickrFunAppDelegate.m; sourceTree = "<group>"; };
		40C10A821694EAE700BF89DB /* Default.png */ = {isa = PBXFileReference; lastKnownFileType = image.png; path = Default.png; sourceTree = "<group>"; };
		40C10A841694EAE700BF89DB /* Default@2x.png */ = {isa = PBXFileReference; lastKnownFileType = image.png; path = "Default@2x.png"; sourceTree = "<group>"; };
		40C10A861694EAE700BF89DB /* Default-568h@2x.png */ = {isa = PBXFileReference; lastKnownFileType = image.png; path = "Default-568h@2x.png"; sourceTree = "<group>"; };
		40C10A891694EAE700BF89DB /* en */ = {isa = PBXFileReference; lastKnownFileType = file.storyboard; name = en; path = en.lproj/MainStoryboard_iPhone.storyboard; sourceTree = "<group>"; };
		40C10A8C1694EAE700BF89DB /* en */ = {isa = PBXFileReference; lastKnownFileType = file.storyboard; name = en; path = en.lproj/MainStoryboard_iPad.storyboard; sourceTree = "<group>"; };
		40C10A971694EB7D00BF89DB /* FlickrAPIKey.h */ = {isa = PBXFileReference; fileEncoding = 4; lastKnownFileType = sourcecode.c.h; path = FlickrAPIKey.h; sourceTree = "<group>"; };
		40C10A981694EB7D00BF89DB /* FlickrFetcher.h */ = {isa = PBXFileReference; fileEncoding = 4; lastKnownFileType = sourcecode.c.h; path = FlickrFetcher.h; sourceTree = "<group>"; };
		40C10A991694EB7D00BF89DB /* FlickrFetcher.m */ = {isa = PBXFileReference; fileEncoding = 4; lastKnownFileType = sourcecode.c.objc; path = FlickrFetcher.m; sourceTree = "<group>"; };
		40C10A9B1694F1AB00BF89DB /* PlacesViewController.h */ = {isa = PBXFileReference; fileEncoding = 4; lastKnownFileType = sourcecode.c.h; path = PlacesViewController.h; sourceTree = "<group>"; };
		40C10A9C1694F1AB00BF89DB /* PlacesViewController.m */ = {isa = PBXFileReference; fileEncoding = 4; lastKnownFileType = sourcecode.c.objc; path = PlacesViewController.m; sourceTree = "<group>"; };
		40F058FB16980BA1009C520B /* FlickrPhotoCache.h */ = {isa = PBXFileReference; fileEncoding = 4; lastKnownFileType = sourcecode.c.h; path = FlickrPhotoCache.h; sourceTree = "<group>"; };
		40F058FC16980BA1009C520B /* FlickrPhotoCache.m */ = {isa = PBXFileReference; fileEncoding = 4; lastKnownFileType = sourcecode.c.objc; path = FlickrPhotoCache.m; sourceTree = "<group>"; };
		40F059061698AB4D009C520B /* MapKit.framework */ = {isa = PBXFileReference; lastKnownFileType = wrapper.framework; name = MapKit.framework; path = System/Library/Frameworks/MapKit.framework; sourceTree = SDKROOT; };
/* End PBXFileReference section */

/* Begin PBXFrameworksBuildPhase section */
		40C10A691694EAE700BF89DB /* Frameworks */ = {
			isa = PBXFrameworksBuildPhase;
			buildActionMask = 2147483647;
			files = (
				40611DBA169957BF00C6E49C /* CoreLocation.framework in Frameworks */,
				40F059071698AB4D009C520B /* MapKit.framework in Frameworks */,
				40C10A711694EAE700BF89DB /* UIKit.framework in Frameworks */,
				40C10A731694EAE700BF89DB /* Foundation.framework in Frameworks */,
				40C10A751694EAE700BF89DB /* CoreGraphics.framework in Frameworks */,
			);
			runOnlyForDeploymentPostprocessing = 0;
		};
/* End PBXFrameworksBuildPhase section */

/* Begin PBXGroup section */
		40C10A611694EAE700BF89DB = {
			isa = PBXGroup;
			children = (
				40C10A761694EAE700BF89DB /* FlickrFun */,
				40C10A6F1694EAE700BF89DB /* Frameworks */,
			);
			sourceTree = "<group>";
		};
		40C10A6D1694EAE700BF89DB /* Products */ = {
			isa = PBXGroup;
			children = (
				40C10A6C1694EAE700BF89DB /* FlickrFun.app */,
			);
			name = Products;
			path = ..;
			sourceTree = "<group>";
		};
		40C10A6F1694EAE700BF89DB /* Frameworks */ = {
			isa = PBXGroup;
			children = (
				40611DB9169957BF00C6E49C /* CoreLocation.framework */,
				40F059061698AB4D009C520B /* MapKit.framework */,
				40C10A701694EAE700BF89DB /* UIKit.framework */,
				40C10A721694EAE700BF89DB /* Foundation.framework */,
				40C10A741694EAE700BF89DB /* CoreGraphics.framework */,
			);
			name = Frameworks;
			sourceTree = "<group>";
		};
		40C10A761694EAE700BF89DB /* FlickrFun */ = {
			isa = PBXGroup;
			children = (
				4063746B169BA52D008F3B62 /* FlickrPlaceAnnotation.h */,
				4063746C169BA52D008F3B62 /* FlickrPlaceAnnotation.m */,
				40C10A881694EAE700BF89DB /* MainStoryboard_iPhone.storyboard */,
				40C10A8B1694EAE700BF89DB /* MainStoryboard_iPad.storyboard */,
				400951DE1699275C00910EDE /* FlickrPhotoAnnotation.h */,
				400951DF1699275C00910EDE /* FlickrPhotoAnnotation.m */,
				400951E01699275C00910EDE /* MapViewController.h */,
				400951E11699275C00910EDE /* MapViewController.m */,
				400225CA1695D5290059BDE9 /* PhotosRecentTableViewController.h */,
				400225CB1695D5290059BDE9 /* PhotosRecentTableViewController.m */,
				40C10A9B1694F1AB00BF89DB /* PlacesViewController.h */,
				40C10A9C1694F1AB00BF89DB /* PlacesViewController.m */,
				403847DC1695634100B70E2F /* PhotosFromPlaceTableViewController.h */,
				403847DD1695634100B70E2F /* PhotosFromPlaceTableViewController.m */,
				403847BA169515AC00B70E2F /* PhotoTableViewController.h */,
				403847BB169515AC00B70E2F /* PhotoTableViewController.m */,
				403847E316956A0C00B70E2F /* PhotoViewController.h */,
				403847E416956A0C00B70E2F /* PhotoViewController.m */,
				40F058FB16980BA1009C520B /* FlickrPhotoCache.h */,
				40F058FC16980BA1009C520B /* FlickrPhotoCache.m */,
				40C10A961694EB7D00BF89DB /* FlickrFetcher */,
				40C10A771694EAE700BF89DB /* Supporting Files */,
				40C10A6D1694EAE700BF89DB /* Products */,
			);
			path = FlickrFun;
			sourceTree = "<group>";
		};
		40C10A771694EAE700BF89DB /* Supporting Files */ = {
			isa = PBXGroup;
			children = (
				40C10A7F1694EAE700BF89DB /* FlickrFunAppDelegate.h */,
				40C10A801694EAE700BF89DB /* FlickrFunAppDelegate.m */,
				40C10A781694EAE700BF89DB /* FlickrFun-Info.plist */,
				40C10A791694EAE700BF89DB /* InfoPlist.strings */,
				40C10A7C1694EAE700BF89DB /* main.m */,
				40C10A7E1694EAE700BF89DB /* FlickrFun-Prefix.pch */,
				40C10A821694EAE700BF89DB /* Default.png */,
				40C10A841694EAE700BF89DB /* Default@2x.png */,
				40C10A861694EAE700BF89DB /* Default-568h@2x.png */,
			);
			name = "Supporting Files";
			sourceTree = "<group>";
		};
		40C10A961694EB7D00BF89DB /* FlickrFetcher */ = {
			isa = PBXGroup;
			children = (
				40C10A971694EB7D00BF89DB /* FlickrAPIKey.h */,
				40C10A981694EB7D00BF89DB /* FlickrFetcher.h */,
				40C10A991694EB7D00BF89DB /* FlickrFetcher.m */,
			);
			path = FlickrFetcher;
			sourceTree = "<group>";
		};
/* End PBXGroup section */

/* Begin PBXNativeTarget section */
		40C10A6B1694EAE700BF89DB /* FlickrFun */ = {
			isa = PBXNativeTarget;
			buildConfigurationList = 40C10A931694EAE700BF89DB /* Build configuration list for PBXNativeTarget "FlickrFun" */;
			buildPhases = (
				40C10A681694EAE700BF89DB /* Sources */,
				40C10A691694EAE700BF89DB /* Frameworks */,
				40C10A6A1694EAE700BF89DB /* Resources */,
			);
			buildRules = (
			);
			dependencies = (
			);
			name = FlickrFun;
			productName = FlickrFun;
			productReference = 40C10A6C1694EAE700BF89DB /* FlickrFun.app */;
			productType = "com.apple.product-type.application";
		};
/* End PBXNativeTarget section */

/* Begin PBXProject section */
		40C10A631694EAE700BF89DB /* Project object */ = {
			isa = PBXProject;
			attributes = {
				CLASSPREFIX = FlickrFun;
				LastUpgradeCheck = 0450;
				ORGANIZATIONNAME = "Chris D'Angelo";
			};
			buildConfigurationList = 40C10A661694EAE700BF89DB /* Build configuration list for PBXProject "FlickrFun" */;
			compatibilityVersion = "Xcode 3.2";
			developmentRegion = English;
			hasScannedForEncodings = 0;
			knownRegions = (
				en,
			);
			mainGroup = 40C10A611694EAE700BF89DB;
			productRefGroup = 40C10A6D1694EAE700BF89DB /* Products */;
			projectDirPath = "";
			projectRoot = "";
			targets = (
				40C10A6B1694EAE700BF89DB /* FlickrFun */,
			);
		};
/* End PBXProject section */

/* Begin PBXResourcesBuildPhase section */
		40C10A6A1694EAE700BF89DB /* Resources */ = {
			isa = PBXResourcesBuildPhase;
			buildActionMask = 2147483647;
			files = (
				40C10A7B1694EAE700BF89DB /* InfoPlist.strings in Resources */,
				40C10A831694EAE700BF89DB /* Default.png in Resources */,
				40C10A851694EAE700BF89DB /* Default@2x.png in Resources */,
				40C10A871694EAE700BF89DB /* Default-568h@2x.png in Resources */,
				40C10A8A1694EAE700BF89DB /* MainStoryboard_iPhone.storyboard in Resources */,
				40C10A8D1694EAE700BF89DB /* MainStoryboard_iPad.storyboard in Resources */,
			);
			runOnlyForDeploymentPostprocessing = 0;
		};
/* End PBXResourcesBuildPhase section */

/* Begin PBXSourcesBuildPhase section */
		40C10A681694EAE700BF89DB /* Sources */ = {
			isa = PBXSourcesBuildPhase;
			buildActionMask = 2147483647;
			files = (
				40C10A7D1694EAE700BF89DB /* main.m in Sources */,
				40C10A811694EAE700BF89DB /* FlickrFunAppDelegate.m in Sources */,
				40C10A9A1694EB7D00BF89DB /* FlickrFetcher.m in Sources */,
				40C10A9D1694F1AB00BF89DB /* PlacesViewController.m in Sources */,
				403847BC169515AC00B70E2F /* PhotoTableViewController.m in Sources */,
				403847DE1695634200B70E2F /* PhotosFromPlaceTableViewController.m in Sources */,
				403847E516956A0C00B70E2F /* PhotoViewController.m in Sources */,
				400225CC1695D5290059BDE9 /* PhotosRecentTableViewController.m in Sources */,
				40F058FD16980BA1009C520B /* FlickrPhotoCache.m in Sources */,
				400951E21699275C00910EDE /* FlickrPhotoAnnotation.m in Sources */,
				400951E31699275C00910EDE /* MapViewController.m in Sources */,
				4063746D169BA52D008F3B62 /* FlickrPlaceAnnotation.m in Sources */,
			);
			runOnlyForDeploymentPostprocessing = 0;
		};
/* End PBXSourcesBuildPhase section */

/* Begin PBXVariantGroup section */
		40C10A791694EAE700BF89DB /* InfoPlist.strings */ = {
			isa = PBXVariantGroup;
			children = (
				40C10A7A1694EAE700BF89DB /* en */,
			);
			name = InfoPlist.strings;
			sourceTree = "<group>";
		};
		40C10A881694EAE700BF89DB /* MainStoryboard_iPhone.storyboard */ = {
			isa = PBXVariantGroup;
			children = (
				40C10A891694EAE700BF89DB /* en */,
			);
			name = MainStoryboard_iPhone.storyboard;
			sourceTree = "<group>";
		};
		40C10A8B1694EAE700BF89DB /* MainStoryboard_iPad.storyboard */ = {
			isa = PBXVariantGroup;
			children = (
				40C10A8C1694EAE700BF89DB /* en */,
			);
			name = MainStoryboard_iPad.storyboard;
			sourceTree = "<group>";
		};
/* End PBXVariantGroup section */

/* Begin XCBuildConfiguration section */
		40C10A911694EAE700BF89DB /* Debug */ = {
			isa = XCBuildConfiguration;
			buildSettings = {
				ALWAYS_SEARCH_USER_PATHS = NO;
				CLANG_CXX_LANGUAGE_STANDARD = "gnu++0x";
				CLANG_CXX_LIBRARY = "libc++";
				CLANG_ENABLE_OBJC_ARC = YES;
				CLANG_WARN_EMPTY_BODY = YES;
				CLANG_WARN__DUPLICATE_METHOD_MATCH = YES;
				CODE_SIGN_IDENTITY = "iPhone Developer";
				"CODE_SIGN_IDENTITY[sdk=iphoneos*]" = "iPhone Developer";
				COPY_PHASE_STRIP = NO;
				GCC_C_LANGUAGE_STANDARD = gnu99;
				GCC_DYNAMIC_NO_PIC = NO;
				GCC_OPTIMIZATION_LEVEL = 0;
				GCC_PREPROCESSOR_DEFINITIONS = (
					"DEBUG=1",
					"$(inherited)",
				);
				GCC_SYMBOLS_PRIVATE_EXTERN = NO;
				GCC_WARN_ABOUT_RETURN_TYPE = YES;
				GCC_WARN_UNINITIALIZED_AUTOS = YES;
				GCC_WARN_UNUSED_VARIABLE = YES;
				IPHONEOS_DEPLOYMENT_TARGET = 6.0;
				ONLY_ACTIVE_ARCH = YES;
				PROVISIONING_PROFILE = "";
				SDKROOT = iphoneos;
				TARGETED_DEVICE_FAMILY = "1,2";
			};
			name = Debug;
		};
		40C10A921694EAE700BF89DB /* Release */ = {
			isa = XCBuildConfiguration;
			buildSettings = {
				ALWAYS_SEARCH_USER_PATHS = NO;
				CLANG_CXX_LANGUAGE_STANDARD = "gnu++0x";
				CLANG_CXX_LIBRARY = "libc++";
				CLANG_ENABLE_OBJC_ARC = YES;
				CLANG_WARN_EMPTY_BODY = YES;
				CLANG_WARN__DUPLICATE_METHOD_MATCH = YES;
				CODE_SIGN_IDENTITY = "iPhone Developer";
				"CODE_SIGN_IDENTITY[sdk=iphoneos*]" = "iPhone Developer";
				COPY_PHASE_STRIP = YES;
				GCC_C_LANGUAGE_STANDARD = gnu99;
				GCC_WARN_ABOUT_RETURN_TYPE = YES;
				GCC_WARN_UNINITIALIZED_AUTOS = YES;
				GCC_WARN_UNUSED_VARIABLE = YES;
				IPHONEOS_DEPLOYMENT_TARGET = 6.0;
				OTHER_CFLAGS = "-DNS_BLOCK_ASSERTIONS=1";
				PROVISIONING_PROFILE = "";
				SDKROOT = iphoneos;
				TARGETED_DEVICE_FAMILY = "1,2";
				VALIDATE_PRODUCT = YES;
			};
			name = Release;
		};
		40C10A941694EAE700BF89DB /* Debug */ = {
			isa = XCBuildConfiguration;
			buildSettings = {
				GCC_PRECOMPILE_PREFIX_HEADER = YES;
				GCC_PREFIX_HEADER = "FlickrFun/FlickrFun-Prefix.pch";
				INFOPLIST_FILE = "FlickrFun/FlickrFun-Info.plist";
				IPHONEOS_DEPLOYMENT_TARGET = 6.0;
				PRODUCT_NAME = "$(TARGET_NAME)";
				WRAPPER_EXTENSION = app;
			};
			name = Debug;
		};
		40C10A951694EAE700BF89DB /* Release */ = {
			isa = XCBuildConfiguration;
			buildSettings = {
				GCC_PRECOMPILE_PREFIX_HEADER = YES;
				GCC_PREFIX_HEADER = "FlickrFun/FlickrFun-Prefix.pch";
				INFOPLIST_FILE = "FlickrFun/FlickrFun-Info.plist";
				IPHONEOS_DEPLOYMENT_TARGET = 6.0;
				PRODUCT_NAME = "$(TARGET_NAME)";
				WRAPPER_EXTENSION = app;
			};
			name = Release;
		};
/* End XCBuildConfiguration section */

/* Begin XCConfigurationList section */
		40C10A661694EAE700BF89DB /* Build configuration list for PBXProject "FlickrFun" */ = {
			isa = XCConfigurationList;
			buildConfigurations = (
				40C10A911694EAE700BF89DB /* Debug */,
				40C10A921694EAE700BF89DB /* Release */,
			);
			defaultConfigurationIsVisible = 0;
			defaultConfigurationName = Release;
		};
		40C10A931694EAE700BF89DB /* Build configuration list for PBXNativeTarget "FlickrFun" */ = {
			isa = XCConfigurationList;
			buildConfigurations = (
				40C10A941694EAE700BF89DB /* Debug */,
				40C10A951694EAE700BF89DB /* Release */,
			);
			defaultConfigurationIsVisible = 0;
			defaultConfigurationName = Release;
		};
/* End XCConfigurationList section */
	};
	rootObject = 40C10A631694EAE700BF89DB /* Project object */;
}
